# THIS IS AN AUTOGENERATED FILE. DO NOT EDIT THIS FILE DIRECTLY.
# yarn lockfile v1


"@types/lodash@^4.14.121":
  version "4.14.121"
  resolved "https://registry.yarnpkg.com/@types/lodash/-/lodash-4.14.121.tgz#9327e20d49b95fc2bf983fc2f045b2c6effc80b9"

"@types/prop-types@*":
  version "15.5.9"
  resolved "https://registry.yarnpkg.com/@types/prop-types/-/prop-types-15.5.9.tgz#f2d14df87b0739041bc53a7d75e3d77d726a3ec0"

"@types/react@^16.8.3":
  version "16.8.3"
  resolved "https://registry.yarnpkg.com/@types/react/-/react-16.8.3.tgz#7b67956f682bea30a5a09b3242c0784ff196c848"
  dependencies:
    "@types/prop-types" "*"
    csstype "^2.2.0"

csstype@^2.2.0:
  version "2.6.2"
  resolved "https://registry.yarnpkg.com/csstype/-/csstype-2.6.2.tgz#3043d5e065454579afc7478a18de41909c8a2f01"

"js-tokens@^3.0.0 || ^4.0.0":
  version "4.0.0"
  resolved "https://registry.yarnpkg.com/js-tokens/-/js-tokens-4.0.0.tgz#19203fb59991df98e3a287050d4647cdeaf32499"

lodash@^4.17.11:
  version "4.17.11"
  resolved "https://registry.yarnpkg.com/lodash/-/lodash-4.17.11.tgz#b39ea6229ef607ecd89e2c8df12536891cac9b8d"

loose-envify@^1.1.0, loose-envify@^1.4.0:
  version "1.4.0"
  resolved "https://registry.yarnpkg.com/loose-envify/-/loose-envify-1.4.0.tgz#71ee51fa7be4caec1a63839f7e682d8132d30caf"
  dependencies:
    js-tokens "^3.0.0 || ^4.0.0"

object-assign@^4.1.1:
  version "4.1.1"
  resolved "https://registry.yarnpkg.com/object-assign/-/object-assign-4.1.1.tgz#2109adc7965887cfc05cbbd442cac8bfbb360863"

prop-types@^15.6.2:
  version "15.7.2"
  resolved "https://registry.yarnpkg.com/prop-types/-/prop-types-15.7.2.tgz#52c41e75b8c87e72b9d9360e0206b99dcbffa6c5"
  dependencies:
    loose-envify "^1.4.0"
    object-assign "^4.1.1"
    react-is "^16.8.1"

react-is@^16.8.1:
  version "16.8.2"
  resolved "https://registry.yarnpkg.com/react-is/-/react-is-16.8.2.tgz#09891d324cad1cb0c1f2d91f70a71a4bee34df0f"

react@^16.8.2:
  version "16.8.2"
  resolved "https://registry.yarnpkg.com/react/-/react-16.8.2.tgz#83064596feaa98d9c2857c4deae1848b542c9c0c"
  dependencies:
    loose-envify "^1.1.0"
    object-assign "^4.1.1"
    prop-types "^15.6.2"
    scheduler "^0.13.2"

scheduler@^0.13.2:
  version "0.13.2"
  resolved "https://registry.yarnpkg.com/scheduler/-/scheduler-0.13.2.tgz#969eaee2764a51d2e97b20a60963b2546beff8fa"
  dependencies:
    loose-envify "^1.1.0"
    object-assign "^4.1.1"

typescript@^3.3.3:
  version "3.3.3"
  resolved "https://registry.yarnpkg.com/typescript/-/typescript-3.3.3.tgz#f1657fc7daa27e1a8930758ace9ae8da31403221"
